# THIS IS AN AUTOGENERATED FILE. DO NOT EDIT THIS FILE DIRECTLY.
# yarn lockfile v1


expo-linear-gradient@^8.0.0:
  version "8.0.0"
  resolved "https://registry.yarnpkg.com/expo-linear-gradient/-/expo-linear-gradient-8.0.0.tgz#972d33e92714d4a4485635683b5bfa357ecec41b"
  integrity sha512-5G3ePGAHUoyBWbGITw5RtdJpssH8TXhCgt55cV+5LTTFjr51OZcuOmGua1vRoVFKBC/9ibLW465GEx9H/HS07Q==
